
Microsoft Visual Studio Solution File, Format Version 12.00
# Visual Studio Version 17
VisualStudioVersion = 17.5.33627.172
MinimumVisualStudioVersion = 10.0.40219.1
Project("{FAE04EC0-301F-11D3-BF4B-00C04F79EFBC}") = "UI", "UI\UI.csproj", "{8B5B3D45-90B6-41C9-A6B7-A87D6E87DE1B}"
EndProject
Project("{FAE04EC0-301F-11D3-BF4B-00C04F79EFBC}") = "BE", "BE\BE.csproj", "{122E34BC-0172-471B-A220-20F3DEC613EA}"
EndProject
Project("{FAE04EC0-301F-11D3-BF4B-00C04F79EFBC}") = "BLL", "BLL\BLL.csproj", "{F2885CD7-E6EA-4A0B-9A60-C76CE9BDDB26}"
EndProject
Project("{FAE04EC0-301F-11D3-BF4B-00C04F79EFBC}") = "DAL", "DAL\DAL.csproj", "{A2B25B3B-6C24-466F-A6E3-3147E9F63EB3}"
EndProject
Project("{FAE04EC0-301F-11D3-BF4B-00C04F79EFBC}") = "SERVICIOS", "SERVICIOS\SERVICIOS.csproj", "{886171D6-DE2D-416A-9E59-B08957B71BE1}"
EndProject
Project("{FAE04EC0-301F-11D3-BF4B-00C04F79EFBC}") = "INTERFACES", "INTERFACES\INTERFACES.csproj", "{909CA60B-E14E-4E24-A424-15B806082157}"
EndProject
Global
	GlobalSection(SolutionConfigurationPlatforms) = preSolution
		Debug|Any CPU = Debug|Any CPU
		Release|Any CPU = Release|Any CPU
	EndGlobalSection
	GlobalSection(ProjectConfigurationPlatforms) = postSolution
		{8B5B3D45-90B6-41C9-A6B7-A87D6E87DE1B}.Debug|Any CPU.ActiveCfg = Debug|Any CPU
		{8B5B3D45-90B6-41C9-A6B7-A87D6E87DE1B}.Debug|Any CPU.Build.0 = Debug|Any CPU
		{8B5B3D45-90B6-41C9-A6B7-A87D6E87DE1B}.Release|Any CPU.ActiveCfg = Release|Any CPU
		{8B5B3D45-90B6-41C9-A6B7-A87D6E87DE1B}.Release|Any CPU.Build.0 = Release|Any CPU
		{122E34BC-0172-471B-A220-20F3DEC613EA}.Debug|Any CPU.ActiveCfg = Debug|Any CPU
		{122E34BC-0172-471B-A220-20F3DEC613EA}.Debug|Any CPU.Build.0 = Debug|Any CPU
		{122E34BC-0172-471B-A220-20F3DEC613EA}.Release|Any CPU.ActiveCfg = Release|Any CPU
		{122E34BC-0172-471B-A220-20F3DEC613EA}.Release|Any CPU.Build.0 = Release|Any CPU
		{F2885CD7-E6EA-4A0B-9A60-C76CE9BDDB26}.Debug|Any CPU.ActiveCfg = Debug|Any CPU
		{F2885CD7-E6EA-4A0B-9A60-C76CE9BDDB26}.Debug|Any CPU.Build.0 = Debug|Any CPU
		{F2885CD7-E6EA-4A0B-9A60-C76CE9BDDB26}.Release|Any CPU.ActiveCfg = Release|Any CPU
		{F2885CD7-E6EA-4A0B-9A60-C76CE9BDDB26}.Release|Any CPU.Build.0 = Release|Any CPU
		{A2B25B3B-6C24-466F-A6E3-3147E9F63EB3}.Debug|Any CPU.ActiveCfg = Debug|Any CPU
		{A2B25B3B-6C24-466F-A6E3-3147E9F63EB3}.Debug|Any CPU.Build.0 = Debug|Any CPU
		{A2B25B3B-6C24-466F-A6E3-3147E9F63EB3}.Release|Any CPU.ActiveCfg = Release|Any CPU
		{A2B25B3B-6C24-466F-A6E3-3147E9F63EB3}.Release|Any CPU.Build.0 = Release|Any CPU
		{886171D6-DE2D-416A-9E59-B08957B71BE1}.Debug|Any CPU.ActiveCfg = Debug|Any CPU
		{886171D6-DE2D-416A-9E59-B08957B71BE1}.Debug|Any CPU.Build.0 = Debug|Any CPU
		{886171D6-DE2D-416A-9E59-B08957B71BE1}.Release|Any CPU.ActiveCfg = Release|Any CPU
		{886171D6-DE2D-416A-9E59-B08957B71BE1}.Release|Any CPU.Build.0 = Release|Any CPU
		{909CA60B-E14E-4E24-A424-15B806082157}.Debug|Any CPU.ActiveCfg = Debug|Any CPU
		{909CA60B-E14E-4E24-A424-15B806082157}.Debug|Any CPU.Build.0 = Debug|Any CPU
		{909CA60B-E14E-4E24-A424-15B806082157}.Release|Any CPU.ActiveCfg = Release|Any CPU
		{909CA60B-E14E-4E24-A424-15B806082157}.Release|Any CPU.Build.0 = Release|Any CPU
	EndGlobalSection
	GlobalSection(SolutionProperties) = preSolution
		HideSolutionNode = FALSE
	EndGlobalSection
	GlobalSection(ExtensibilityGlobals) = postSolution
		SolutionGuid = {282DF95E-CF87-49CD-9D28-AD5762E989E9}
	EndGlobalSection
EndGlobal
